{
     "requires": true,
     "lockfileVersion": 1,
     "dependencies": {
          "bignumber.js": {
               "version": "9.0.0",
               "resolved": "https://registry.npmjs.org/bignumber.js/-/bignumber.js-9.0.0.tgz",
               "integrity": "sha512-t/OYhhJ2SD+YGBQcjY8GzzDHEk9f3nerxjtfa6tlMXfe7frs/WozhvCNoGvpM0P3bNf3Gq5ZRMlGr5f3r4/N8A=="
          },
          "core-util-is": {
               "version": "1.0.3",
               "resolved": "https://registry.npmjs.org/core-util-is/-/core-util-is-1.0.3.tgz",
               "integrity": "sha512-ZQBvi1DcpJ4GDqanjucZ2Hj3wEO5pZDS89BWbkcrvdxksJorwUDDZamX9ldFkp9aw2lmBDLgkObEA4DWNJ9FYQ=="
          },
          "formidable": {
               "version": "1.2.1",
               "resolved": "https://registry.npmjs.org/formidable/-/formidable-1.2.1.tgz",
               "integrity": "sha512-Fs9VRguL0gqGHkXS5GQiMCr1VhZBxz0JnJs4JmMp/2jL18Fmbzvv7vOFRU+U8TBkHEE/CX1qDXzJplVULgsLeg=="
          },
          "inherits": {
               "version": "2.0.4",
               "resolved": "https://registry.npmjs.org/inherits/-/inherits-2.0.4.tgz",
               "integrity": "sha512-k/vGaX4/Yla3WzyMCvTQOXYeIHvqOKtnqBduzTHpzpQZzAskKMhZ2K+EnBiSM9zGSoIFeMpXKxa4dYeZIQqewQ=="
          },
          "isarray": {
               "version": "1.0.0",
               "resolved": "https://registry.npmjs.org/isarray/-/isarray-1.0.0.tgz",
               "integrity": "sha512-VLghIWNM6ELQzo7zwmcg0NmTVyWKYjvIeM83yjp0wRDTmUnrM678fQbcKBo6n2CJEF0szoG//ytg+TKla89ALQ=="
          },
          "mysql": {
               "version": "2.18.0",
               "resolved": "https://registry.npmjs.org/mysql/-/mysql-2.18.0.tgz",
               "integrity": "sha512-juoIQE2FAoa0qRX5gReXvxDJph6Pqdx4X7aJ2HBe9GRNPIYQIiOgfrFNd3AQ8FtyeKEx3eNNnrtcVIAchc/NOw==",
               "requires": {
                    "bignumber.js": "9.0.0",
                    "readable-stream": "2.3.7",
                    "safe-buffer": "5.1.2",
                    "sqlstring": "2.3.1"
               }
          },
          "process-nextick-args": {
               "version": "2.0.1",
               "resolved": "https://registry.npmjs.org/process-nextick-args/-/process-nextick-args-2.0.1.tgz",
               "integrity": "sha512-3ouUOpQhtgrbOa17J7+uxOTpITYWaGP7/AhoR3+A+/1e9skrzelGi/dXzEYyvbxubEF6Wn2ypscTKiKJFFn1ag=="
          },
          "readable-stream": {
               "version": "2.3.7",
               "resolved": "https://registry.npmjs.org/readable-stream/-/readable-stream-2.3.7.tgz",
               "integrity": "sha512-Ebho8K4jIbHAxnuxi7o42OrZgF/ZTNcsZj6nRKyUmkhLFq8CHItp/fy6hQZuZmP/n3yZ9VBUbp4zz/mX8hmYPw==",
               "requires": {
                    "core-util-is": "~1.0.0",
                    "inherits": "~2.0.3",
                    "isarray": "~1.0.0",
                    "process-nextick-args": "~2.0.0",
                    "safe-buffer": "~5.1.1",
                    "string_decoder": "~1.1.1",
                    "util-deprecate": "~1.0.1"
               }
          },
          "s3fs": {
               "version": "2.5.0",
               "resolved": "https://registry.npmjs.org/s3fs/-/s3fs-2.5.0.tgz",
               "integrity": "sha1-kpLl/jGVi+U5RlFUBjTCdoIjSH4=",
               "requires": {
                    "aws-sdk": "~2.5.2",
                    "bluebird": "~3.4.1",
                    "extend": "~3.x"
               },
               "dependencies": {
                    "aws-sdk": {
                         "version": "2.5.2",
                         "resolved": "https://registry.npmjs.org/aws-sdk/-/aws-sdk-2.5.2.tgz",
                         "integrity": "sha1-iZF5vCP52Iw5Nc8Ic+Lcf/wm+W4=",
                         "requires": {
                              "jmespath": "0.15.0",
                              "sax": "1.1.5",
                              "xml2js": "0.4.15",
                              "xmlbuilder": "2.6.2"
                         }
                    },
                    "bluebird": {
                         "version": "3.4.1",
                         "resolved": "https://registry.npmjs.org/bluebird/-/bluebird-3.4.1.tgz",
                         "integrity": "sha1-tzHd9I4t077awudeEhWhG8uR+gc="
                    },
                    "extend": {
                         "version": "3.0.0",
                         "resolved": "https://registry.npmjs.org/extend/-/extend-3.0.0.tgz",
                         "integrity": "sha1-WkdDU7nzNT3dgXbf03uRyDpG8dQ="
                    },
                    "jmespath": {
                         "version": "0.15.0",
                         "resolved": "https://registry.npmjs.org/jmespath/-/jmespath-0.15.0.tgz",
                         "integrity": "sha1-o/Iiqarp+Wb10nx5ZRDigJF2Qhc="
                    },
                    "lodash": {
                         "version": "3.5.0",
                         "resolved": "https://registry.npmjs.org/lodash/-/lodash-3.5.0.tgz",
                         "integrity": "sha1-Gbs/TVEnjwuMgY7RRcdOz5/kDm0="
                    },
                    "sax": {
                         "version": "1.1.5",
                         "resolved": "https://registry.npmjs.org/sax/-/sax-1.1.5.tgz",
                         "integrity": "sha1-HaUKjQDN7NWUBWWfX/hTSf53N0M="
                    },
                    "xml2js": {
                         "version": "0.4.15",
                         "resolved": "https://registry.npmjs.org/xml2js/-/xml2js-0.4.15.tgz",
                         "integrity": "sha1-lc0D/y3RROwovGJzvysokMWBrQw=",
                         "requires": {
                              "sax": ">=0.6.0",
                              "xmlbuilder": ">=2.4.6"
                         }
                    },
                    "xmlbuilder": {
                         "version": "2.6.2",
                         "resolved": "https://registry.npmjs.org/xmlbuilder/-/xmlbuilder-2.6.2.tgz",
                         "integrity": "sha1-+Rb20Q1F3BcbG+Lm5nP7bgzDXQo=",
                         "requires": {
                              "lodash": "~3.5.0"
                         }
                    }
               }
          },
          "safe-buffer": {
               "version": "5.1.2",
               "resolved": "https://registry.npmjs.org/safe-buffer/-/safe-buffer-5.1.2.tgz",
               "integrity": "sha512-Gd2UZBJDkXlY7GbJxfsE8/nvKkUEU1G38c1siN6QP6a9PT9MmHB8GnpscSmMJSoF8LOIrt8ud/wPtojys4G6+g=="
          },
          "sqlstring": {
               "version": "2.3.1",
               "resolved": "https://registry.npmjs.org/sqlstring/-/sqlstring-2.3.1.tgz",
               "integrity": "sha512-ooAzh/7dxIG5+uDik1z/Rd1vli0+38izZhGzSa34FwR7IbelPWCCKSNIl8jlL/F7ERvy8CB2jNeM1E9i9mXMAQ=="
          },
          "string_decoder": {
               "version": "1.1.1",
               "resolved": "https://registry.npmjs.org/string_decoder/-/string_decoder-1.1.1.tgz",
               "integrity": "sha512-n/ShnvDi6FHbbVfviro+WojiFzv+s8MPMHBczVePfUpDJLwoLT0ht1l4YwBCbi8pJAveEEdnkHyPyTP/mzRfwg==",
               "requires": {
                    "safe-buffer": "~5.1.0"
               }
          },
          "util-deprecate": {
               "version": "1.0.2",
               "resolved": "https://registry.npmjs.org/util-deprecate/-/util-deprecate-1.0.2.tgz",
               "integrity": "sha512-EPD5q1uXyFxJpCrLnCc1nHnq3gOa6DZBocAIiI2TaSCA7VCJ1UJDMagCzIkXNsUYfD1daK//LTEQ8xiIbrHtcw=="
          }
     }
}
